
Microsoft Visual Studio Solution File, Format Version 12.00
# Visual Studio Version 16
VisualStudioVersion = 16.0.31025.194
MinimumVisualStudioVersion = 10.0.40219.1
Project("{FAE04EC0-301F-11D3-BF4B-00C04F79EFBC}") = "Lab.01", "Lab.01\Lab.01.csproj", "{CA696E1C-22EA-4E5B-AFDB-4A347B5C5FBD}"
EndProject
Global
	GlobalSection(SolutionConfigurationPlatforms) = preSolution
		Debug|Any CPU = Debug|Any CPU
		Release|Any CPU = Release|Any CPU
	EndGlobalSection
	GlobalSection(ProjectConfigurationPlatforms) = postSolution
		{CA696E1C-22EA-4E5B-AFDB-4A347B5C5FBD}.Debug|Any CPU.ActiveCfg = Debug|Any CPU
		{CA696E1C-22EA-4E5B-AFDB-4A347B5C5FBD}.Debug|Any CPU.Build.0 = Debug|Any CPU
		{CA696E1C-22EA-4E5B-AFDB-4A347B5C5FBD}.Release|Any CPU.ActiveCfg = Release|Any CPU
		{CA696E1C-22EA-4E5B-AFDB-4A347B5C5FBD}.Release|Any CPU.Build.0 = Release|Any CPU
	EndGlobalSection
	GlobalSection(SolutionProperties) = preSolution
		HideSolutionNode = FALSE
	EndGlobalSection
	GlobalSection(ExtensibilityGlobals) = postSolution
		SolutionGuid = {40CE4ACB-BB08-46C2-8E8A-C6016A679867}
	EndGlobalSection
EndGlobal
