
Microsoft Visual Studio Solution File, Format Version 12.00
# Visual Studio Version 16
VisualStudioVersion = 16.0.31025.194
MinimumVisualStudioVersion = 10.0.40219.1
Project("{FAE04EC0-301F-11D3-BF4B-00C04F79EFBC}") = "Lab.02.3", "Lab.02.3\Lab.02.3.csproj", "{244C7BF9-02DD-41E5-BC1E-5F357A3AB914}"
EndProject
Global
	GlobalSection(SolutionConfigurationPlatforms) = preSolution
		Debug|Any CPU = Debug|Any CPU
		Release|Any CPU = Release|Any CPU
	EndGlobalSection
	GlobalSection(ProjectConfigurationPlatforms) = postSolution
		{244C7BF9-02DD-41E5-BC1E-5F357A3AB914}.Debug|Any CPU.ActiveCfg = Debug|Any CPU
		{244C7BF9-02DD-41E5-BC1E-5F357A3AB914}.Debug|Any CPU.Build.0 = Debug|Any CPU
		{244C7BF9-02DD-41E5-BC1E-5F357A3AB914}.Release|Any CPU.ActiveCfg = Release|Any CPU
		{244C7BF9-02DD-41E5-BC1E-5F357A3AB914}.Release|Any CPU.Build.0 = Release|Any CPU
	EndGlobalSection
	GlobalSection(SolutionProperties) = preSolution
		HideSolutionNode = FALSE
	EndGlobalSection
	GlobalSection(ExtensibilityGlobals) = postSolution
		SolutionGuid = {CE6AFE98-AC4E-42F8-AB06-72E270FA6FC5}
	EndGlobalSection
EndGlobal
